
Microsoft Visual Studio Solution File, Format Version 12.00
# Visual Studio Version 16
VisualStudioVersion = 25.0.1705.4
MinimumVisualStudioVersion = 10.0.40219.1
Project("{FAE04EC0-301F-11D3-BF4B-00C04F79EFBC}") = "Week 8", "Week 8.csproj", "{671CE6E7-AA4A-4BB4-82BC-F633C92A1713}"
EndProject
Global
	GlobalSection(SolutionConfigurationPlatforms) = preSolution
		Debug|Any CPU = Debug|Any CPU
		Release|Any CPU = Release|Any CPU
	EndGlobalSection
	GlobalSection(ProjectConfigurationPlatforms) = postSolution
		{671CE6E7-AA4A-4BB4-82BC-F633C92A1713}.Debug|Any CPU.ActiveCfg = Debug|Any CPU
		{671CE6E7-AA4A-4BB4-82BC-F633C92A1713}.Debug|Any CPU.Build.0 = Debug|Any CPU
		{671CE6E7-AA4A-4BB4-82BC-F633C92A1713}.Release|Any CPU.ActiveCfg = Release|Any CPU
		{671CE6E7-AA4A-4BB4-82BC-F633C92A1713}.Release|Any CPU.Build.0 = Release|Any CPU
	EndGlobalSection
	GlobalSection(SolutionProperties) = preSolution
		HideSolutionNode = FALSE
	EndGlobalSection
	GlobalSection(ExtensibilityGlobals) = postSolution
		SolutionGuid = {D8FCCBFC-EE83-48D2-82AC-18913EF2E8E5}
	EndGlobalSection
EndGlobal
